
Microsoft Visual Studio Solution File, Format Version 12.00
# Visual Studio Version 16
VisualStudioVersion = 16.0.29102.190
MinimumVisualStudioVersion = 10.0.40219.1
Project("{FAE04EC0-301F-11D3-BF4B-00C04F79EFBC}") = "BasicVLC", "BasicVLC\BasicVLC.csproj", "{6DB9E0C0-9F06-4FAB-A52B-1F1CBE496926}"
EndProject
Project("{2150E333-8FDC-42A3-9474-1A3956D46DE8}") = "Solution Items", "Solution Items", "{42F5128D-0941-4605-9355-3E3BA937050B}"
	ProjectSection(SolutionItems) = preProject
		README.md = README.md
	EndProjectSection
EndProject
Global
	GlobalSection(SolutionConfigurationPlatforms) = preSolution
		Debug|Any CPU = Debug|Any CPU
		Debug|ARM = Debug|ARM
		Debug|ARM64 = Debug|ARM64
		Debug|x64 = Debug|x64
		Debug|x86 = Debug|x86
		Release|Any CPU = Release|Any CPU
		Release|ARM = Release|ARM
		Release|ARM64 = Release|ARM64
		Release|x64 = Release|x64
		Release|x86 = Release|x86
	EndGlobalSection
	GlobalSection(ProjectConfigurationPlatforms) = postSolution
		{6DB9E0C0-9F06-4FAB-A52B-1F1CBE496926}.Debug|Any CPU.ActiveCfg = Debug|Any CPU
		{6DB9E0C0-9F06-4FAB-A52B-1F1CBE496926}.Debug|Any CPU.Build.0 = Debug|Any CPU
		{6DB9E0C0-9F06-4FAB-A52B-1F1CBE496926}.Debug|Any CPU.Deploy.0 = Debug|Any CPU
		{6DB9E0C0-9F06-4FAB-A52B-1F1CBE496926}.Debug|ARM.ActiveCfg = Debug|ARM
		{6DB9E0C0-9F06-4FAB-A52B-1F1CBE496926}.Debug|ARM.Build.0 = Debug|ARM
		{6DB9E0C0-9F06-4FAB-A52B-1F1CBE496926}.Debug|ARM.Deploy.0 = Debug|ARM
		{6DB9E0C0-9F06-4FAB-A52B-1F1CBE496926}.Debug|ARM64.ActiveCfg = Debug|ARM64
		{6DB9E0C0-9F06-4FAB-A52B-1F1CBE496926}.Debug|ARM64.Build.0 = Debug|ARM64
		{6DB9E0C0-9F06-4FAB-A52B-1F1CBE496926}.Debug|ARM64.Deploy.0 = Debug|ARM64
		{6DB9E0C0-9F06-4FAB-A52B-1F1CBE496926}.Debug|x64.ActiveCfg = Debug|x64
		{6DB9E0C0-9F06-4FAB-A52B-1F1CBE496926}.Debug|x64.Build.0 = Debug|x64
		{6DB9E0C0-9F06-4FAB-A52B-1F1CBE496926}.Debug|x64.Deploy.0 = Debug|x64
		{6DB9E0C0-9F06-4FAB-A52B-1F1CBE496926}.Debug|x86.ActiveCfg = Debug|x86
		{6DB9E0C0-9F06-4FAB-A52B-1F1CBE496926}.Debug|x86.Build.0 = Debug|x86
		{6DB9E0C0-9F06-4FAB-A52B-1F1CBE496926}.Debug|x86.Deploy.0 = Debug|x86
		{6DB9E0C0-9F06-4FAB-A52B-1F1CBE496926}.Release|Any CPU.ActiveCfg = Release|Any CPU
		{6DB9E0C0-9F06-4FAB-A52B-1F1CBE496926}.Release|Any CPU.Build.0 = Release|Any CPU
		{6DB9E0C0-9F06-4FAB-A52B-1F1CBE496926}.Release|Any CPU.Deploy.0 = Release|Any CPU
		{6DB9E0C0-9F06-4FAB-A52B-1F1CBE496926}.Release|ARM.ActiveCfg = Release|ARM
		{6DB9E0C0-9F06-4FAB-A52B-1F1CBE496926}.Release|ARM.Build.0 = Release|ARM
		{6DB9E0C0-9F06-4FAB-A52B-1F1CBE496926}.Release|ARM.Deploy.0 = Release|ARM
		{6DB9E0C0-9F06-4FAB-A52B-1F1CBE496926}.Release|ARM64.ActiveCfg = Release|ARM64
		{6DB9E0C0-9F06-4FAB-A52B-1F1CBE496926}.Release|ARM64.Build.0 = Release|ARM64
		{6DB9E0C0-9F06-4FAB-A52B-1F1CBE496926}.Release|ARM64.Deploy.0 = Release|ARM64
		{6DB9E0C0-9F06-4FAB-A52B-1F1CBE496926}.Release|x64.ActiveCfg = Release|x64
		{6DB9E0C0-9F06-4FAB-A52B-1F1CBE496926}.Release|x64.Build.0 = Release|x64
		{6DB9E0C0-9F06-4FAB-A52B-1F1CBE496926}.Release|x64.Deploy.0 = Release|x64
		{6DB9E0C0-9F06-4FAB-A52B-1F1CBE496926}.Release|x86.ActiveCfg = Release|x86
		{6DB9E0C0-9F06-4FAB-A52B-1F1CBE496926}.Release|x86.Build.0 = Release|x86
		{6DB9E0C0-9F06-4FAB-A52B-1F1CBE496926}.Release|x86.Deploy.0 = Release|x86
	EndGlobalSection
	GlobalSection(SolutionProperties) = preSolution
		HideSolutionNode = FALSE
	EndGlobalSection
	GlobalSection(ExtensibilityGlobals) = postSolution
		SolutionGuid = {B54FE1A1-DB53-4076-99F9-267597B34FB0}
	EndGlobalSection
EndGlobal
